
Microsoft Visual Studio Solution File, Format Version 12.00
# Visual Studio Version 17
VisualStudioVersion = 17.0.31903.59
MinimumVisualStudioVersion = 10.0.40219.1
Project("{9A19103F-16F7-4668-BE54-9A1E7A4F7556}") = "application", "Api.Application\application.csproj", "{54AA7BF7-AEDD-4329-955D-F2ABD6F00783}"
EndProject
Project("{9A19103F-16F7-4668-BE54-9A1E7A4F7556}") = "Domain", "Api.Domain\Domain.csproj", "{517F3BFA-051B-46F3-A7CF-BE779A48D8D0}"
EndProject
Project("{9A19103F-16F7-4668-BE54-9A1E7A4F7556}") = "CrossCutting", "Api.CrossCutting\CrossCutting.csproj", "{6632FF05-CAED-4DE5-ACB7-A5AFA087F1D7}"
EndProject
Project("{9A19103F-16F7-4668-BE54-9A1E7A4F7556}") = "Data", "Api.Data\Data.csproj", "{4F5397A8-775D-4AB8-82A3-63335609A241}"
EndProject
Project("{9A19103F-16F7-4668-BE54-9A1E7A4F7556}") = "Service", "Api.Service\Service.csproj", "{4BE31501-0452-43C0-B32B-6BFE49D9B22F}"
EndProject
Global
	GlobalSection(SolutionConfigurationPlatforms) = preSolution
		Debug|Any CPU = Debug|Any CPU
		Release|Any CPU = Release|Any CPU
	EndGlobalSection
	GlobalSection(ProjectConfigurationPlatforms) = postSolution
		{54AA7BF7-AEDD-4329-955D-F2ABD6F00783}.Debug|Any CPU.ActiveCfg = Debug|Any CPU
		{54AA7BF7-AEDD-4329-955D-F2ABD6F00783}.Debug|Any CPU.Build.0 = Debug|Any CPU
		{54AA7BF7-AEDD-4329-955D-F2ABD6F00783}.Release|Any CPU.ActiveCfg = Release|Any CPU
		{54AA7BF7-AEDD-4329-955D-F2ABD6F00783}.Release|Any CPU.Build.0 = Release|Any CPU
		{517F3BFA-051B-46F3-A7CF-BE779A48D8D0}.Debug|Any CPU.ActiveCfg = Debug|Any CPU
		{517F3BFA-051B-46F3-A7CF-BE779A48D8D0}.Debug|Any CPU.Build.0 = Debug|Any CPU
		{517F3BFA-051B-46F3-A7CF-BE779A48D8D0}.Release|Any CPU.ActiveCfg = Release|Any CPU
		{517F3BFA-051B-46F3-A7CF-BE779A48D8D0}.Release|Any CPU.Build.0 = Release|Any CPU
		{6632FF05-CAED-4DE5-ACB7-A5AFA087F1D7}.Debug|Any CPU.ActiveCfg = Debug|Any CPU
		{6632FF05-CAED-4DE5-ACB7-A5AFA087F1D7}.Debug|Any CPU.Build.0 = Debug|Any CPU
		{6632FF05-CAED-4DE5-ACB7-A5AFA087F1D7}.Release|Any CPU.ActiveCfg = Release|Any CPU
		{6632FF05-CAED-4DE5-ACB7-A5AFA087F1D7}.Release|Any CPU.Build.0 = Release|Any CPU
		{4F5397A8-775D-4AB8-82A3-63335609A241}.Debug|Any CPU.ActiveCfg = Debug|Any CPU
		{4F5397A8-775D-4AB8-82A3-63335609A241}.Debug|Any CPU.Build.0 = Debug|Any CPU
		{4F5397A8-775D-4AB8-82A3-63335609A241}.Release|Any CPU.ActiveCfg = Release|Any CPU
		{4F5397A8-775D-4AB8-82A3-63335609A241}.Release|Any CPU.Build.0 = Release|Any CPU
		{4BE31501-0452-43C0-B32B-6BFE49D9B22F}.Debug|Any CPU.ActiveCfg = Debug|Any CPU
		{4BE31501-0452-43C0-B32B-6BFE49D9B22F}.Debug|Any CPU.Build.0 = Debug|Any CPU
		{4BE31501-0452-43C0-B32B-6BFE49D9B22F}.Release|Any CPU.ActiveCfg = Release|Any CPU
		{4BE31501-0452-43C0-B32B-6BFE49D9B22F}.Release|Any CPU.Build.0 = Release|Any CPU
	EndGlobalSection
	GlobalSection(SolutionProperties) = preSolution
		HideSolutionNode = FALSE
	EndGlobalSection
	GlobalSection(ExtensibilityGlobals) = postSolution
		SolutionGuid = {088E5DEB-EEBB-4641-9953-494DE1BF23FC}
	EndGlobalSection
EndGlobal
